
Microsoft Visual Studio Solution File, Format Version 12.00
# Visual Studio 15
VisualStudioVersion = 15.0.28010.2026
MinimumVisualStudioVersion = 10.0.40219.1
Project("{FAE04EC0-301F-11D3-BF4B-00C04F79EFBC}") = "2002807_Maeda_MailOrder3", "2002807_Maeda_MailOrder3\2002807_Maeda_MailOrder3.csproj", "{2B1145CC-2772-4721-8AFC-5B49288C7997}"
EndProject
Global
	GlobalSection(SolutionConfigurationPlatforms) = preSolution
		Debug|Any CPU = Debug|Any CPU
		Release|Any CPU = Release|Any CPU
	EndGlobalSection
	GlobalSection(ProjectConfigurationPlatforms) = postSolution
		{2B1145CC-2772-4721-8AFC-5B49288C7997}.Debug|Any CPU.ActiveCfg = Debug|Any CPU
		{2B1145CC-2772-4721-8AFC-5B49288C7997}.Debug|Any CPU.Build.0 = Debug|Any CPU
		{2B1145CC-2772-4721-8AFC-5B49288C7997}.Release|Any CPU.ActiveCfg = Release|Any CPU
		{2B1145CC-2772-4721-8AFC-5B49288C7997}.Release|Any CPU.Build.0 = Release|Any CPU
	EndGlobalSection
	GlobalSection(SolutionProperties) = preSolution
		HideSolutionNode = FALSE
	EndGlobalSection
	GlobalSection(ExtensibilityGlobals) = postSolution
		SolutionGuid = {B37A64A4-9F01-48AC-BD73-5F6FFB4A2858}
	EndGlobalSection
EndGlobal
